
Microsoft Visual Studio Solution File, Format Version 12.00
# Visual Studio Version 16
VisualStudioVersion = 16.0.31424.327
MinimumVisualStudioVersion = 10.0.40219.1
Project("{FAE04EC0-301F-11D3-BF4B-00C04F79EFBC}") = "GyakorlatLinq", "GyakorlatLinq\GyakorlatLinq.csproj", "{0A26FBB5-E91C-48A2-BDE8-3668D3F38DCF}"
EndProject
Global
	GlobalSection(SolutionConfigurationPlatforms) = preSolution
		Debug|Any CPU = Debug|Any CPU
		Release|Any CPU = Release|Any CPU
	EndGlobalSection
	GlobalSection(ProjectConfigurationPlatforms) = postSolution
		{0A26FBB5-E91C-48A2-BDE8-3668D3F38DCF}.Debug|Any CPU.ActiveCfg = Debug|Any CPU
		{0A26FBB5-E91C-48A2-BDE8-3668D3F38DCF}.Debug|Any CPU.Build.0 = Debug|Any CPU
		{0A26FBB5-E91C-48A2-BDE8-3668D3F38DCF}.Release|Any CPU.ActiveCfg = Release|Any CPU
		{0A26FBB5-E91C-48A2-BDE8-3668D3F38DCF}.Release|Any CPU.Build.0 = Release|Any CPU
	EndGlobalSection
	GlobalSection(SolutionProperties) = preSolution
		HideSolutionNode = FALSE
	EndGlobalSection
	GlobalSection(ExtensibilityGlobals) = postSolution
		SolutionGuid = {3E27DA45-A531-40E3-A79F-6DBF7934D309}
	EndGlobalSection
EndGlobal
